
Microsoft Visual Studio Solution File, Format Version 12.00
# Visual Studio Version 17
VisualStudioVersion = 17.7.34018.315
MinimumVisualStudioVersion = 10.0.40219.1
Project("{9A19103F-16F7-4668-BE54-9A1E7A4F7556}") = "VoingPracticalTestWeb", "Practical\VoingPracticalTestWeb.csproj", "{98614840-78C0-497B-AE16-A9079086636F}"
EndProject
Project("{9A19103F-16F7-4668-BE54-9A1E7A4F7556}") = "VoingPracticalTestAPI", "VoingPracticalTestAPI\VoingPracticalTestAPI.csproj", "{3781DC11-5EDE-42BF-A409-1043B18823E7}"
EndProject
Project("{9A19103F-16F7-4668-BE54-9A1E7A4F7556}") = "VoingPracticalTestData", "VoingPracticalTestData\VoingPracticalTestData.csproj", "{49622B4D-AE75-4E7C-99BF-A39780CF8A37}"
EndProject
Global
	GlobalSection(SolutionConfigurationPlatforms) = preSolution
		Debug|Any CPU = Debug|Any CPU
		Release|Any CPU = Release|Any CPU
	EndGlobalSection
	GlobalSection(ProjectConfigurationPlatforms) = postSolution
		{98614840-78C0-497B-AE16-A9079086636F}.Debug|Any CPU.ActiveCfg = Debug|Any CPU
		{98614840-78C0-497B-AE16-A9079086636F}.Debug|Any CPU.Build.0 = Debug|Any CPU
		{98614840-78C0-497B-AE16-A9079086636F}.Release|Any CPU.ActiveCfg = Release|Any CPU
		{98614840-78C0-497B-AE16-A9079086636F}.Release|Any CPU.Build.0 = Release|Any CPU
		{3781DC11-5EDE-42BF-A409-1043B18823E7}.Debug|Any CPU.ActiveCfg = Debug|Any CPU
		{3781DC11-5EDE-42BF-A409-1043B18823E7}.Debug|Any CPU.Build.0 = Debug|Any CPU
		{3781DC11-5EDE-42BF-A409-1043B18823E7}.Release|Any CPU.ActiveCfg = Release|Any CPU
		{3781DC11-5EDE-42BF-A409-1043B18823E7}.Release|Any CPU.Build.0 = Release|Any CPU
		{49622B4D-AE75-4E7C-99BF-A39780CF8A37}.Debug|Any CPU.ActiveCfg = Debug|Any CPU
		{49622B4D-AE75-4E7C-99BF-A39780CF8A37}.Debug|Any CPU.Build.0 = Debug|Any CPU
		{49622B4D-AE75-4E7C-99BF-A39780CF8A37}.Release|Any CPU.ActiveCfg = Release|Any CPU
		{49622B4D-AE75-4E7C-99BF-A39780CF8A37}.Release|Any CPU.Build.0 = Release|Any CPU
	EndGlobalSection
	GlobalSection(SolutionProperties) = preSolution
		HideSolutionNode = FALSE
	EndGlobalSection
	GlobalSection(ExtensibilityGlobals) = postSolution
		SolutionGuid = {037E0B51-C7E9-4EBE-BEE3-B73D11653B91}
	EndGlobalSection
EndGlobal
